
Microsoft Visual Studio Solution File, Format Version 12.00
# Visual Studio 15
VisualStudioVersion = 15.0.26430.4
MinimumVisualStudioVersion = 10.0.40219.1
Project("{FAE04EC0-301F-11D3-BF4B-00C04F79EFBC}") = "SampleCCaptchaASP.Net", "SampleCCaptchaASP.Net\SampleCCaptchaASP.Net.csproj", "{0A21E2DA-A2DA-4B0A-8D6B-7F43B457A730}"
EndProject
Global
	GlobalSection(SolutionConfigurationPlatforms) = preSolution
		Debug|Any CPU = Debug|Any CPU
		Release|Any CPU = Release|Any CPU
	EndGlobalSection
	GlobalSection(ProjectConfigurationPlatforms) = postSolution
		{0A21E2DA-A2DA-4B0A-8D6B-7F43B457A730}.Debug|Any CPU.ActiveCfg = Debug|Any CPU
		{0A21E2DA-A2DA-4B0A-8D6B-7F43B457A730}.Debug|Any CPU.Build.0 = Debug|Any CPU
		{0A21E2DA-A2DA-4B0A-8D6B-7F43B457A730}.Release|Any CPU.ActiveCfg = Release|Any CPU
		{0A21E2DA-A2DA-4B0A-8D6B-7F43B457A730}.Release|Any CPU.Build.0 = Release|Any CPU
	EndGlobalSection
	GlobalSection(SolutionProperties) = preSolution
		HideSolutionNode = FALSE
	EndGlobalSection
EndGlobal
